
Microsoft Visual Studio Solution File, Format Version 12.00
# Visual Studio Version 17
VisualStudioVersion = 17.14.36408.4 d17.14
MinimumVisualStudioVersion = 10.0.40219.1
Project("{FAE04EC0-301F-11D3-BF4B-00C04F79EFBC}") = "ConsoleApp2v2", "ConsoleApp2v2\ConsoleApp2v2.csproj", "{11A519F6-ED66-4BD9-880E-19ACD4554B94}"
EndProject
Global
	GlobalSection(SolutionConfigurationPlatforms) = preSolution
		Debug|Any CPU = Debug|Any CPU
		Release|Any CPU = Release|Any CPU
	EndGlobalSection
	GlobalSection(ProjectConfigurationPlatforms) = postSolution
		{11A519F6-ED66-4BD9-880E-19ACD4554B94}.Debug|Any CPU.ActiveCfg = Debug|Any CPU
		{11A519F6-ED66-4BD9-880E-19ACD4554B94}.Debug|Any CPU.Build.0 = Debug|Any CPU
		{11A519F6-ED66-4BD9-880E-19ACD4554B94}.Release|Any CPU.ActiveCfg = Release|Any CPU
		{11A519F6-ED66-4BD9-880E-19ACD4554B94}.Release|Any CPU.Build.0 = Release|Any CPU
	EndGlobalSection
	GlobalSection(SolutionProperties) = preSolution
		HideSolutionNode = FALSE
	EndGlobalSection
	GlobalSection(ExtensibilityGlobals) = postSolution
		SolutionGuid = {4FE47615-8851-4FF5-900C-C88D7F7EAEC3}
	EndGlobalSection
EndGlobal
