
Microsoft Visual Studio Solution File, Format Version 12.00
# Visual Studio Version 17
VisualStudioVersion = 17.14.36408.4 d17.14
MinimumVisualStudioVersion = 10.0.40219.1
Project("{FAE04EC0-301F-11D3-BF4B-00C04F79EFBC}") = "ConsoleApp1", "ConsoleApp1\ConsoleApp1.csproj", "{57D71377-9280-4831-B47D-7EE9C2024B06}"
EndProject
Global
	GlobalSection(SolutionConfigurationPlatforms) = preSolution
		Debug|Any CPU = Debug|Any CPU
		Release|Any CPU = Release|Any CPU
	EndGlobalSection
	GlobalSection(ProjectConfigurationPlatforms) = postSolution
		{57D71377-9280-4831-B47D-7EE9C2024B06}.Debug|Any CPU.ActiveCfg = Debug|Any CPU
		{57D71377-9280-4831-B47D-7EE9C2024B06}.Debug|Any CPU.Build.0 = Debug|Any CPU
		{57D71377-9280-4831-B47D-7EE9C2024B06}.Release|Any CPU.ActiveCfg = Release|Any CPU
		{57D71377-9280-4831-B47D-7EE9C2024B06}.Release|Any CPU.Build.0 = Release|Any CPU
	EndGlobalSection
	GlobalSection(SolutionProperties) = preSolution
		HideSolutionNode = FALSE
	EndGlobalSection
	GlobalSection(ExtensibilityGlobals) = postSolution
		SolutionGuid = {E19D4566-2435-4D3F-943E-9890E7BD9549}
	EndGlobalSection
EndGlobal
